// !$*UTF8*$!
{
	archiveVersion = 1;
	classes = {
	};
	objectVersion = 50;
	objects = {

/* Begin PBXBuildFile section */
		4687BD1C21182F0600F764AE /* AppDelegate.swift in Sources */ = {isa = PBXBuildFile; fileRef = 4687BD1B21182F0600F764AE /* AppDelegate.swift */; };
		4687BD1E21182F0600F764AE /* ViewController.swift in Sources */ = {isa = PBXBuildFile; fileRef = 4687BD1D21182F0600F764AE /* ViewController.swift */; };
		4687BD2121182F0600F764AE /* Main.storyboard in Resources */ = {isa = PBXBuildFile; fileRef = 4687BD1F21182F0600F764AE /* Main.storyboard */; };
		4687BD2321182F0800F764AE /* Assets.xcassets in Resources */ = {isa = PBXBuildFile; fileRef = 4687BD2221182F0800F764AE /* Assets.xcassets */; };
		4687BD2621182F0800F764AE /* LaunchScreen.storyboard in Resources */ = {isa = PBXBuildFile; fileRef = 4687BD2421182F0800F764AE /* LaunchScreen.storyboard */; };
		4687BD2E2118308F00F764AE /* AuthViewController.swift in Sources */ = {isa = PBXBuildFile; fileRef = 4687BD2D2118308E00F764AE /* AuthViewController.swift */; };
		4687BD302118309600F764AE /* HomeViewController.swift in Sources */ = {isa = PBXBuildFile; fileRef = 4687BD2F2118309600F764AE /* HomeViewController.swift */; };
		4687BD32211832E900F764AE /* GoogleService-Info.plist in Resources */ = {isa = PBXBuildFile; fileRef = 4687BD31211832E800F764AE /* GoogleService-Info.plist */; };
		B4F83F240CF2D798142A1852 /* Pods_FirebaseAuthApp_iOS.framework in Frameworks */ = {isa = PBXBuildFile; fileRef = 23161DA618A697F2D16948C3 /* Pods_FirebaseAuthApp_iOS.framework */; };
/* End PBXBuildFile section */

/* Begin PBXFileReference section */
		23161DA618A697F2D16948C3 /* Pods_FirebaseAuthApp_iOS.framework */ = {isa = PBXFileReference; explicitFileType = wrapper.framework; includeInIndex = 0; path = Pods_FirebaseAuthApp_iOS.framework; sourceTree = BUILT_PRODUCTS_DIR; };
		4687BD1821182F0500F764AE /* FirebaseAuthApp-iOS.app */ = {isa = PBXFileReference; explicitFileType = wrapper.application; includeInIndex = 0; path = "FirebaseAuthApp-iOS.app"; sourceTree = BUILT_PRODUCTS_DIR; };
		4687BD1B21182F0600F764AE /* AppDelegate.swift */ = {isa = PBXFileReference; lastKnownFileType = sourcecode.swift; path = AppDelegate.swift; sourceTree = "<group>"; };
		4687BD1D21182F0600F764AE /* ViewController.swift */ = {isa = PBXFileReference; lastKnownFileType = sourcecode.swift; path = ViewController.swift; sourceTree = "<group>"; };
		4687BD2021182F0600F764AE /* Base */ = {isa = PBXFileReference; lastKnownFileType = file.storyboard; name = Base; path = Base.lproj/Main.storyboard; sourceTree = "<group>"; };
		4687BD2221182F0800F764AE /* Assets.xcassets */ = {isa = PBXFileReference; lastKnownFileType = folder.assetcatalog; path = Assets.xcassets; sourceTree = "<group>"; };
		4687BD2521182F0800F764AE /* Base */ = {isa = PBXFileReference; lastKnownFileType = file.storyboard; name = Base; path = Base.lproj/LaunchScreen.storyboard; sourceTree = "<group>"; };
		4687BD2721182F0800F764AE /* Info.plist */ = {isa = PBXFileReference; lastKnownFileType = text.plist.xml; path = Info.plist; sourceTree = "<group>"; };
		4687BD2D2118308E00F764AE /* AuthViewController.swift */ = {isa = PBXFileReference; lastKnownFileType = sourcecode.swift; path = AuthViewController.swift; sourceTree = "<group>"; };
		4687BD2F2118309600F764AE /* HomeViewController.swift */ = {isa = PBXFileReference; lastKnownFileType = sourcecode.swift; path = HomeViewController.swift; sourceTree = "<group>"; };
		4687BD31211832E800F764AE /* GoogleService-Info.plist */ = {isa = PBXFileReference; fileEncoding = 4; lastKnownFileType = text.plist.xml; path = "GoogleService-Info.plist"; sourceTree = "<group>"; };
		96CC4CCEE23DDB7D08207537 /* Pods-FirebaseAuthApp-iOS.release.xcconfig */ = {isa = PBXFileReference; includeInIndex = 1; lastKnownFileType = text.xcconfig; name = "Pods-FirebaseAuthApp-iOS.release.xcconfig"; path = "Pods/Target Support Files/Pods-FirebaseAuthApp-iOS/Pods-FirebaseAuthApp-iOS.release.xcconfig"; sourceTree = "<group>"; };
		9B675284E821FCDD6FBEA5FC /* Pods-FirebaseAuthApp-iOS.debug.xcconfig */ = {isa = PBXFileReference; includeInIndex = 1; lastKnownFileType = text.xcconfig; name = "Pods-FirebaseAuthApp-iOS.debug.xcconfig"; path = "Pods/Target Support Files/Pods-FirebaseAuthApp-iOS/Pods-FirebaseAuthApp-iOS.debug.xcconfig"; sourceTree = "<group>"; };
/* End PBXFileReference section */

/* Begin PBXFrameworksBuildPhase section */
		4687BD1521182F0500F764AE /* Frameworks */ = {
			isa = PBXFrameworksBuildPhase;
			buildActionMask = 2147483647;
			files = (
				B4F83F240CF2D798142A1852 /* Pods_FirebaseAuthApp_iOS.framework in Frameworks */,
			);
			runOnlyForDeploymentPostprocessing = 0;
		};
/* End PBXFrameworksBuildPhase section */

/* Begin PBXGroup section */
		4687BD0F21182F0500F764AE = {
			isa = PBXGroup;
			children = (
				4687BD1A21182F0600F764AE /* FirebaseAuthApp-iOS */,
				4687BD1921182F0600F764AE /* Products */,
				87910E81AEF813AEF3247C00 /* Pods */,
				68C65B4C6A4614ABF9C89753 /* Frameworks */,
			);
			sourceTree = "<group>";
		};
		4687BD1921182F0600F764AE /* Products */ = {
			isa = PBXGroup;
			children = (
				4687BD1821182F0500F764AE /* FirebaseAuthApp-iOS.app */,
			);
			name = Products;
			sourceTree = "<group>";
		};
		4687BD1A21182F0600F764AE /* FirebaseAuthApp-iOS */ = {
			isa = PBXGroup;
			children = (
				4687BD1B21182F0600F764AE /* AppDelegate.swift */,
				4687BD31211832E800F764AE /* GoogleService-Info.plist */,
				4687BD1D21182F0600F764AE /* ViewController.swift */,
				4687BD1F21182F0600F764AE /* Main.storyboard */,
				4687BD2221182F0800F764AE /* Assets.xcassets */,
				4687BD2421182F0800F764AE /* LaunchScreen.storyboard */,
				4687BD2721182F0800F764AE /* Info.plist */,
				4687BD2D2118308E00F764AE /* AuthViewController.swift */,
				4687BD2F2118309600F764AE /* HomeViewController.swift */,
			);
			path = "FirebaseAuthApp-iOS";
			sourceTree = "<group>";
		};
		68C65B4C6A4614ABF9C89753 /* Frameworks */ = {
			isa = PBXGroup;
			children = (
				23161DA618A697F2D16948C3 /* Pods_FirebaseAuthApp_iOS.framework */,
			);
			name = Frameworks;
			sourceTree = "<group>";
		};
		87910E81AEF813AEF3247C00 /* Pods */ = {
			isa = PBXGroup;
			children = (
				9B675284E821FCDD6FBEA5FC /* Pods-FirebaseAuthApp-iOS.debug.xcconfig */,
				96CC4CCEE23DDB7D08207537 /* Pods-FirebaseAuthApp-iOS.release.xcconfig */,
			);
			name = Pods;
			sourceTree = "<group>";
		};
/* End PBXGroup section */

/* Begin PBXNativeTarget section */
		4687BD1721182F0500F764AE /* FirebaseAuthApp-iOS */ = {
			isa = PBXNativeTarget;
			buildConfigurationList = 4687BD2A21182F0800F764AE /* Build configuration list for PBXNativeTarget "FirebaseAuthApp-iOS" */;
			buildPhases = (
				D3140B562C1A4D5DC46466A5 /* [CP] Check Pods Manifest.lock */,
				4687BD1421182F0500F764AE /* Sources */,
				4687BD1521182F0500F764AE /* Frameworks */,
				4687BD1621182F0500F764AE /* Resources */,
				866F20A13C0F391C3BF03AE0 /* [CP] Embed Pods Frameworks */,
			);
			buildRules = (
			);
			dependencies = (
			);
			name = "FirebaseAuthApp-iOS";
			productName = "FirebaseAuthApp-iOS";
			productReference = 4687BD1821182F0500F764AE /* FirebaseAuthApp-iOS.app */;
			productType = "com.apple.product-type.application";
		};
/* End PBXNativeTarget section */

/* Begin PBXProject section */
		4687BD1021182F0500F764AE /* Project object */ = {
			isa = PBXProject;
			attributes = {
				LastSwiftUpdateCheck = 0940;
				LastUpgradeCheck = 0940;
				ORGANIZATIONNAME = "Nobuhiro Takahashi";
				TargetAttributes = {
					4687BD1721182F0500F764AE = {
						CreatedOnToolsVersion = 9.4.1;
					};
				};
			};
			buildConfigurationList = 4687BD1321182F0500F764AE /* Build configuration list for PBXProject "FirebaseAuthApp-iOS" */;
			compatibilityVersion = "Xcode 9.3";
			developmentRegion = en;
			hasScannedForEncodings = 0;
			knownRegions = (
				en,
				Base,
			);
			mainGroup = 4687BD0F21182F0500F764AE;
			productRefGroup = 4687BD1921182F0600F764AE /* Products */;
			projectDirPath = "";
			projectRoot = "";
			targets = (
				4687BD1721182F0500F764AE /* FirebaseAuthApp-iOS */,
			);
		};
/* End PBXProject section */

/* Begin PBXResourcesBuildPhase section */
		4687BD1621182F0500F764AE /* Resources */ = {
			isa = PBXResourcesBuildPhase;
			buildActionMask = 2147483647;
			files = (
				4687BD2621182F0800F764AE /* LaunchScreen.storyboard in Resources */,
				4687BD32211832E900F764AE /* GoogleService-Info.plist in Resources */,
				4687BD2321182F0800F764AE /* Assets.xcassets in Resources */,
				4687BD2121182F0600F764AE /* Main.storyboard in Resources */,
			);
			runOnlyForDeploymentPostprocessing = 0;
		};
/* End PBXResourcesBuildPhase section */

/* Begin PBXShellScriptBuildPhase section */
		866F20A13C0F391C3BF03AE0 /* [CP] Embed Pods Frameworks */ = {
			isa = PBXShellScriptBuildPhase;
			buildActionMask = 2147483647;
			files = (
			);
			inputPaths = (
				"${SRCROOT}/Pods/Target Support Files/Pods-FirebaseAuthApp-iOS/Pods-FirebaseAuthApp-iOS-frameworks.sh",
				"${BUILT_PRODUCTS_DIR}/GTMSessionFetcher/GTMSessionFetcher.framework",
				"${BUILT_PRODUCTS_DIR}/GoogleToolboxForMac/GoogleToolboxForMac.framework",
				"${BUILT_PRODUCTS_DIR}/JGProgressHUD/JGProgressHUD.framework",
				"${BUILT_PRODUCTS_DIR}/nanopb/nanopb.framework",
			);
			name = "[CP] Embed Pods Frameworks";
			outputPaths = (
				"${TARGET_BUILD_DIR}/${FRAMEWORKS_FOLDER_PATH}/GTMSessionFetcher.framework",
				"${TARGET_BUILD_DIR}/${FRAMEWORKS_FOLDER_PATH}/GoogleToolboxForMac.framework",
				"${TARGET_BUILD_DIR}/${FRAMEWORKS_FOLDER_PATH}/JGProgressHUD.framework",
				"${TARGET_BUILD_DIR}/${FRAMEWORKS_FOLDER_PATH}/nanopb.framework",
			);
			runOnlyForDeploymentPostprocessing = 0;
			shellPath = /bin/sh;
			shellScript = "\"${SRCROOT}/Pods/Target Support Files/Pods-FirebaseAuthApp-iOS/Pods-FirebaseAuthApp-iOS-frameworks.sh\"\n";
			showEnvVarsInLog = 0;
		};
		D3140B562C1A4D5DC46466A5 /* [CP] Check Pods Manifest.lock */ = {
			isa = PBXShellScriptBuildPhase;
			buildActionMask = 2147483647;
			files = (
			);
			inputPaths = (
				"${PODS_PODFILE_DIR_PATH}/Podfile.lock",
				"${PODS_ROOT}/Manifest.lock",
			);
			name = "[CP] Check Pods Manifest.lock";
			outputPaths = (
				"$(DERIVED_FILE_DIR)/Pods-FirebaseAuthApp-iOS-checkManifestLockResult.txt",
			);
			runOnlyForDeploymentPostprocessing = 0;
			shellPath = /bin/sh;
			shellScript = "diff \"${PODS_PODFILE_DIR_PATH}/Podfile.lock\" \"${PODS_ROOT}/Manifest.lock\" > /dev/null\nif [ $? != 0 ] ; then\n    # print error to STDERR\n    echo \"error: The sandbox is not in sync with the Podfile.lock. Run 'pod install' or update your CocoaPods installation.\" >&2\n    exit 1\nfi\n# This output is used by Xcode 'outputs' to avoid re-running this script phase.\necho \"SUCCESS\" > \"${SCRIPT_OUTPUT_FILE_0}\"\n";
			showEnvVarsInLog = 0;
		};
/* End PBXShellScriptBuildPhase section */

/* Begin PBXSourcesBuildPhase section */
		4687BD1421182F0500F764AE /* Sources */ = {
			isa = PBXSourcesBuildPhase;
			buildActionMask = 2147483647;
			files = (
				4687BD1E21182F0600F764AE /* ViewController.swift in Sources */,
				4687BD2E2118308F00F764AE /* AuthViewController.swift in Sources */,
				4687BD1C21182F0600F764AE /* AppDelegate.swift in Sources */,
				4687BD302118309600F764AE /* HomeViewController.swift in Sources */,
			);
			runOnlyForDeploymentPostprocessing = 0;
		};
/* End PBXSourcesBuildPhase section */

/* Begin PBXVariantGroup section */
		4687BD1F21182F0600F764AE /* Main.storyboard */ = {
			isa = PBXVariantGroup;
			children = (
				4687BD2021182F0600F764AE /* Base */,
			);
			name = Main.storyboard;
			sourceTree = "<group>";
		};
		4687BD2421182F0800F764AE /* LaunchScreen.storyboard */ = {
			isa = PBXVariantGroup;
			children = (
				4687BD2521182F0800F764AE /* Base */,
			);
			name = LaunchScreen.storyboard;
			sourceTree = "<group>";
		};
/* End PBXVariantGroup section */

/* Begin XCBuildConfiguration section */
		4687BD2821182F0800F764AE /* Debug */ = {
			isa = XCBuildConfiguration;
			buildSettings = {
				ALWAYS_SEARCH_USER_PATHS = NO;
				CLANG_ANALYZER_NONNULL = YES;
				CLANG_ANALYZER_NUMBER_OBJECT_CONVERSION = YES_AGGRESSIVE;
				CLANG_CXX_LANGUAGE_STANDARD = "gnu++14";
				CLANG_CXX_LIBRARY = "libc++";
				CLANG_ENABLE_MODULES = YES;
				CLANG_ENABLE_OBJC_ARC = YES;
				CLANG_ENABLE_OBJC_WEAK = YES;
				CLANG_WARN_BLOCK_CAPTURE_AUTORELEASING = YES;
				CLANG_WARN_BOOL_CONVERSION = YES;
				CLANG_WARN_COMMA = YES;
				CLANG_WARN_CONSTANT_CONVERSION = YES;
				CLANG_WARN_DEPRECATED_OBJC_IMPLEMENTATIONS = YES;
				CLANG_WARN_DIRECT_OBJC_ISA_USAGE = YES_ERROR;
				CLANG_WARN_DOCUMENTATION_COMMENTS = YES;
				CLANG_WARN_EMPTY_BODY = YES;
				CLANG_WARN_ENUM_CONVERSION = YES;
				CLANG_WARN_INFINITE_RECURSION = YES;
				CLANG_WARN_INT_CONVERSION = YES;
				CLANG_WARN_NON_LITERAL_NULL_CONVERSION = YES;
				CLANG_WARN_OBJC_IMPLICIT_RETAIN_SELF = YES;
				CLANG_WARN_OBJC_LITERAL_CONVERSION = YES;
				CLANG_WARN_OBJC_ROOT_CLASS = YES_ERROR;
				CLANG_WARN_RANGE_LOOP_ANALYSIS = YES;
				CLANG_WARN_STRICT_PROTOTYPES = YES;
				CLANG_WARN_SUSPICIOUS_MOVE = YES;
				CLANG_WARN_UNGUARDED_AVAILABILITY = YES_AGGRESSIVE;
				CLANG_WARN_UNREACHABLE_CODE = YES;
				CLANG_WARN__DUPLICATE_METHOD_MATCH = YES;
				CODE_SIGN_IDENTITY = "iPhone Developer";
				COPY_PHASE_STRIP = NO;
				DEBUG_INFORMATION_FORMAT = dwarf;
				ENABLE_STRICT_OBJC_MSGSEND = YES;
				ENABLE_TESTABILITY = YES;
				GCC_C_LANGUAGE_STANDARD = gnu11;
				GCC_DYNAMIC_NO_PIC = NO;
				GCC_NO_COMMON_BLOCKS = YES;
				GCC_OPTIMIZATION_LEVEL = 0;
				GCC_PREPROCESSOR_DEFINITIONS = (
					"DEBUG=1",
					"$(inherited)",
				);
				GCC_WARN_64_TO_32_BIT_CONVERSION = YES;
				GCC_WARN_ABOUT_RETURN_TYPE = YES_ERROR;
				GCC_WARN_UNDECLARED_SELECTOR = YES;
				GCC_WARN_UNINITIALIZED_AUTOS = YES_AGGRESSIVE;
				GCC_WARN_UNUSED_FUNCTION = YES;
				GCC_WARN_UNUSED_VARIABLE = YES;
				IPHONEOS_DEPLOYMENT_TARGET = 11.4;
				MTL_ENABLE_DEBUG_INFO = YES;
				ONLY_ACTIVE_ARCH = YES;
				SDKROOT = iphoneos;
				SWIFT_ACTIVE_COMPILATION_CONDITIONS = DEBUG;
				SWIFT_OPTIMIZATION_LEVEL = "-Onone";
			};
			name = Debug;
		};
		4687BD2921182F0800F764AE /* Release */ = {
			isa = XCBuildConfiguration;
			buildSettings = {
				ALWAYS_SEARCH_USER_PATHS = NO;
				CLANG_ANALYZER_NONNULL = YES;
				CLANG_ANALYZER_NUMBER_OBJECT_CONVERSION = YES_AGGRESSIVE;
				CLANG_CXX_LANGUAGE_STANDARD = "gnu++14";
				CLANG_CXX_LIBRARY = "libc++";
				CLANG_ENABLE_MODULES = YES;
				CLANG_ENABLE_OBJC_ARC = YES;
				CLANG_ENABLE_OBJC_WEAK = YES;
				CLANG_WARN_BLOCK_CAPTURE_AUTORELEASING = YES;
				CLANG_WARN_BOOL_CONVERSION = YES;
				CLANG_WARN_COMMA = YES;
				CLANG_WARN_CONSTANT_CONVERSION = YES;
				CLANG_WARN_DEPRECATED_OBJC_IMPLEMENTATIONS = YES;
				CLANG_WARN_DIRECT_OBJC_ISA_USAGE = YES_ERROR;
				CLANG_WARN_DOCUMENTATION_COMMENTS = YES;
				CLANG_WARN_EMPTY_BODY = YES;
				CLANG_WARN_ENUM_CONVERSION = YES;
				CLANG_WARN_INFINITE_RECURSION = YES;
				CLANG_WARN_INT_CONVERSION = YES;
				CLANG_WARN_NON_LITERAL_NULL_CONVERSION = YES;
				CLANG_WARN_OBJC_IMPLICIT_RETAIN_SELF = YES;
				CLANG_WARN_OBJC_LITERAL_CONVERSION = YES;
				CLANG_WARN_OBJC_ROOT_CLASS = YES_ERROR;
				CLANG_WARN_RANGE_LOOP_ANALYSIS = YES;
				CLANG_WARN_STRICT_PROTOTYPES = YES;
				CLANG_WARN_SUSPICIOUS_MOVE = YES;
				CLANG_WARN_UNGUARDED_AVAILABILITY = YES_AGGRESSIVE;
				CLANG_WARN_UNREACHABLE_CODE = YES;
				CLANG_WARN__DUPLICATE_METHOD_MATCH = YES;
				CODE_SIGN_IDENTITY = "iPhone Developer";
				COPY_PHASE_STRIP = NO;
				DEBUG_INFORMATION_FORMAT = "dwarf-with-dsym";
				ENABLE_NS_ASSERTIONS = NO;
				ENABLE_STRICT_OBJC_MSGSEND = YES;
				GCC_C_LANGUAGE_STANDARD = gnu11;
				GCC_NO_COMMON_BLOCKS = YES;
				GCC_WARN_64_TO_32_BIT_CONVERSION = YES;
				GCC_WARN_ABOUT_RETURN_TYPE = YES_ERROR;
				GCC_WARN_UNDECLARED_SELECTOR = YES;
				GCC_WARN_UNINITIALIZED_AUTOS = YES_AGGRESSIVE;
				GCC_WARN_UNUSED_FUNCTION = YES;
				GCC_WARN_UNUSED_VARIABLE = YES;
				IPHONEOS_DEPLOYMENT_TARGET = 11.4;
				MTL_ENABLE_DEBUG_INFO = NO;
				SDKROOT = iphoneos;
				SWIFT_COMPILATION_MODE = wholemodule;
				SWIFT_OPTIMIZATION_LEVEL = "-O";
				VALIDATE_PRODUCT = YES;
			};
			name = Release;
		};
		4687BD2B21182F0800F764AE /* Debug */ = {
			isa = XCBuildConfiguration;
			baseConfigurationReference = 9B675284E821FCDD6FBEA5FC /* Pods-FirebaseAuthApp-iOS.debug.xcconfig */;
			buildSettings = {
				ASSETCATALOG_COMPILER_APPICON_NAME = AppIcon;
				CODE_SIGN_STYLE = Automatic;
				DEVELOPMENT_TEAM = LPN23T94U7;
				INFOPLIST_FILE = "FirebaseAuthApp-iOS/Info.plist";
				LD_RUNPATH_SEARCH_PATHS = "$(inherited) @executable_path/Frameworks";
				PRODUCT_BUNDLE_IDENTIFIER = "jp.feb19.FirebaseAuthApp-iOS";
				PRODUCT_NAME = "$(TARGET_NAME)";
				SWIFT_VERSION = 4.0;
				TARGETED_DEVICE_FAMILY = "1,2";
			};
			name = Debug;
		};
		4687BD2C21182F0800F764AE /* Release */ = {
			isa = XCBuildConfiguration;
			baseConfigurationReference = 96CC4CCEE23DDB7D08207537 /* Pods-FirebaseAuthApp-iOS.release.xcconfig */;
			buildSettings = {
				ASSETCATALOG_COMPILER_APPICON_NAME = AppIcon;
				CODE_SIGN_STYLE = Automatic;
				DEVELOPMENT_TEAM = LPN23T94U7;
				INFOPLIST_FILE = "FirebaseAuthApp-iOS/Info.plist";
				LD_RUNPATH_SEARCH_PATHS = "$(inherited) @executable_path/Frameworks";
				PRODUCT_BUNDLE_IDENTIFIER = "jp.feb19.FirebaseAuthApp-iOS";
				PRODUCT_NAME = "$(TARGET_NAME)";
				SWIFT_VERSION = 4.0;
				TARGETED_DEVICE_FAMILY = "1,2";
			};
			name = Release;
		};
/* End XCBuildConfiguration section */

/* Begin XCConfigurationList section */
		4687BD1321182F0500F764AE /* Build configuration list for PBXProject "FirebaseAuthApp-iOS" */ = {
			isa = XCConfigurationList;
			buildConfigurations = (
				4687BD2821182F0800F764AE /* Debug */,
				4687BD2921182F0800F764AE /* Release */,
			);
			defaultConfigurationIsVisible = 0;
			defaultConfigurationName = Release;
		};
		4687BD2A21182F0800F764AE /* Build configuration list for PBXNativeTarget "FirebaseAuthApp-iOS" */ = {
			isa = XCConfigurationList;
			buildConfigurations = (
				4687BD2B21182F0800F764AE /* Debug */,
				4687BD2C21182F0800F764AE /* Release */,
			);
			defaultConfigurationIsVisible = 0;
			defaultConfigurationName = Release;
		};
/* End XCConfigurationList section */
	};
	rootObject = 4687BD1021182F0500F764AE /* Project object */;
}
